
Microsoft Visual Studio Solution File, Format Version 12.00
# Visual Studio Version 16
VisualStudioVersion = 16.0.28803.352
MinimumVisualStudioVersion = 10.0.40219.1
Project("{FAE04EC0-301F-11D3-BF4B-00C04F79EFBC}") = "BFG", "BFG\BFG.csproj", "{9468B153-01E6-45F9-868B-3310102D5F91}"
EndProject
Global
	GlobalSection(SolutionConfigurationPlatforms) = preSolution
		Debug|Any CPU = Debug|Any CPU
		Release|Any CPU = Release|Any CPU
	EndGlobalSection
	GlobalSection(ProjectConfigurationPlatforms) = postSolution
		{9468B153-01E6-45F9-868B-3310102D5F91}.Debug|Any CPU.ActiveCfg = Debug|Any CPU
		{9468B153-01E6-45F9-868B-3310102D5F91}.Debug|Any CPU.Build.0 = Debug|Any CPU
		{9468B153-01E6-45F9-868B-3310102D5F91}.Release|Any CPU.ActiveCfg = Release|Any CPU
		{9468B153-01E6-45F9-868B-3310102D5F91}.Release|Any CPU.Build.0 = Release|Any CPU
	EndGlobalSection
	GlobalSection(SolutionProperties) = preSolution
		HideSolutionNode = FALSE
	EndGlobalSection
	GlobalSection(ExtensibilityGlobals) = postSolution
		SolutionGuid = {95048365-A49A-4575-A6F0-CE6EBD9295FC}
	EndGlobalSection
EndGlobal
